
Microsoft Visual Studio Solution File, Format Version 12.00
# Visual Studio Version 16
VisualStudioVersion = 16.0.29001.49
MinimumVisualStudioVersion = 10.0.40219.1
Project("{2150E333-8FDC-42A3-9474-1A3956D46DE8}") = "Libraries", "Libraries", "{773B5199-4C83-4A10-AB52-4F80BF93D64F}"
EndProject
Project("{2150E333-8FDC-42A3-9474-1A3956D46DE8}") = "Core", "Core", "{1F5CB6F6-305D-4852-9BC2-69C0814A344F}"
EndProject
Project("{8BC9CEB8-8B4A-11D0-8D11-00A0C91BC942}") = "LibXML", "Sources\LibXML\LibXML.vcxproj", "{BD9C7043-9F58-468F-9CC8-65C17F3F39C2}"
	ProjectSection(ProjectDependencies) = postProject
		{9F43D522-831D-43F3-91BA-1388F7AC942A} = {9F43D522-831D-43F3-91BA-1388F7AC942A}
		{C66A2F94-C3E1-404C-9EA5-8EAC5E540458} = {C66A2F94-C3E1-404C-9EA5-8EAC5E540458}
	EndProjectSection
EndProject
Project("{2150E333-8FDC-42A3-9474-1A3956D46DE8}") = "Others", "Others", "{B749CB24-0B5B-4AD9-B50A-01EECE63BC21}"
EndProject
Project("{8BC9CEB8-8B4A-11D0-8D11-00A0C91BC942}") = "LibError", "Sources\LibError\LibError.vcxproj", "{9F43D522-831D-43F3-91BA-1388F7AC942A}"
	ProjectSection(ProjectDependencies) = postProject
		{C66A2F94-C3E1-404C-9EA5-8EAC5E540458} = {C66A2F94-C3E1-404C-9EA5-8EAC5E540458}
	EndProjectSection
EndProject
Project("{8BC9CEB8-8B4A-11D0-8D11-00A0C91BC942}") = "LibGUI", "Sources\LibGUI\LibGUI.vcxproj", "{30407649-5D95-461A-AE5C-5515E54A7376}"
	ProjectSection(ProjectDependencies) = postProject
		{FD3A1C17-7B27-475D-9B05-A57558964AFF} = {FD3A1C17-7B27-475D-9B05-A57558964AFF}
		{9F43D522-831D-43F3-91BA-1388F7AC942A} = {9F43D522-831D-43F3-91BA-1388F7AC942A}
		{BD9C7043-9F58-468F-9CC8-65C17F3F39C2} = {BD9C7043-9F58-468F-9CC8-65C17F3F39C2}
		{C66A2F94-C3E1-404C-9EA5-8EAC5E540458} = {C66A2F94-C3E1-404C-9EA5-8EAC5E540458}
		{5AFBD3A7-5B02-45BA-88D0-A3E6F3063F9F} = {5AFBD3A7-5B02-45BA-88D0-A3E6F3063F9F}
		{6727F9CE-0747-4BA7-87E4-C689FECF99EE} = {6727F9CE-0747-4BA7-87E4-C689FECF99EE}
	EndProjectSection
EndProject
Project("{2150E333-8FDC-42A3-9474-1A3956D46DE8}") = "Unit Tests", "Unit Tests", "{D5B3A8C4-8274-4F52-AD88-439933B58EE4}"
EndProject
Project("{8BC9CEB8-8B4A-11D0-8D11-00A0C91BC942}") = "LibGLFW", "Sources\LibGLFW\LibGLFW.vcxproj", "{348395FD-0BD3-40F2-B292-BF41538A95B4}"
EndProject
Project("{8BC9CEB8-8B4A-11D0-8D11-00A0C91BC942}") = "LibMedia", "Sources\LibMedia\LibMedia.vcxproj", "{6727F9CE-0747-4BA7-87E4-C689FECF99EE}"
EndProject
Project("{8BC9CEB8-8B4A-11D0-8D11-00A0C91BC942}") = "LibVulkan", "Sources\LibVulkan\LibVulkan.vcxproj", "{5AFBD3A7-5B02-45BA-88D0-A3E6F3063F9F}"
EndProject
Project("{8BC9CEB8-8B4A-11D0-8D11-00A0C91BC942}") = "LibRT", "Sources\LibRT\LibRT.vcxproj", "{FD3A1C17-7B27-475D-9B05-A57558964AFF}"
EndProject
Project("{2150E333-8FDC-42A3-9474-1A3956D46DE8}") = "Lab", "Lab", "{82290DA9-CCDA-4C25-8865-7E6AB6DE0CF0}"
EndProject
Project("{8BC9CEB8-8B4A-11D0-8D11-00A0C91BC942}") = "Dependencies", "Sources\Dependencies\Dependencies.vcxproj", "{F8A941E5-4D66-43F5-96FB-354ECCBCFA5F}"
EndProject
Project("{8BC9CEB8-8B4A-11D0-8D11-00A0C91BC942}") = "MouCaLibraryTests", "Sources\UnitTests\MouCaLibraryTests\MouCaLibrary.vcxproj", "{C080CEFE-3543-4501-B339-08F3FCE5B506}"
	ProjectSection(ProjectDependencies) = postProject
		{FD3A1C17-7B27-475D-9B05-A57558964AFF} = {FD3A1C17-7B27-475D-9B05-A57558964AFF}
		{24195B1B-513A-4FA3-AD6D-D3F486212C33} = {24195B1B-513A-4FA3-AD6D-D3F486212C33}
		{9F43D522-831D-43F3-91BA-1388F7AC942A} = {9F43D522-831D-43F3-91BA-1388F7AC942A}
		{1948D924-7766-48C0-B7B6-A9AC0F407A5F} = {1948D924-7766-48C0-B7B6-A9AC0F407A5F}
		{BD9C7043-9F58-468F-9CC8-65C17F3F39C2} = {BD9C7043-9F58-468F-9CC8-65C17F3F39C2}
		{C66A2F94-C3E1-404C-9EA5-8EAC5E540458} = {C66A2F94-C3E1-404C-9EA5-8EAC5E540458}
		{78C56DA0-F69B-4C26-8559-EDC90E065F02} = {78C56DA0-F69B-4C26-8559-EDC90E065F02}
	EndProjectSection
EndProject
Project("{2150E333-8FDC-42A3-9474-1A3956D46DE8}") = "Basis", "Basis", "{D8C9EAAD-9C2F-46AD-BD33-B8A9D8FEB6DF}"
EndProject
Project("{8BC9CEB8-8B4A-11D0-8D11-00A0C91BC942}") = "LibSteam", "Sources\LibSteam\LibSteam.vcxproj", "{24195B1B-513A-4FA3-AD6D-D3F486212C33}"
EndProject
Project("{8BC9CEB8-8B4A-11D0-8D11-00A0C91BC942}") = "LibNetwork", "Sources\LibNetwork\LibNetwork.vcxproj", "{1948D924-7766-48C0-B7B6-A9AC0F407A5F}"
EndProject
Project("{8BC9CEB8-8B4A-11D0-8D11-00A0C91BC942}") = "LibVR", "Sources\LibVR\LibVR.vcxproj", "{A1DB90E2-C53F-4B8C-BC8A-19A9E40C5802}"
EndProject
Project("{2150E333-8FDC-42A3-9474-1A3956D46DE8}") = "Asset", "Asset", "{9D6D76FC-E315-457A-991A-3C76878FF574}"
EndProject
Project("{2150E333-8FDC-42A3-9474-1A3956D46DE8}") = "Graphics", "Graphics", "{2AB5E1F7-5F7A-4A00-9A9E-19789C8C6D71}"
EndProject
Project("{8BC9CEB8-8B4A-11D0-8D11-00A0C91BC942}") = "MouCa3DLab", "Sources\MouCaLab\MouCa3DLab.vcxproj", "{04AAFBCC-88E4-4E29-BF7B-314E27A991AC}"
EndProject
Project("{8BC9CEB8-8B4A-11D0-8D11-00A0C91BC942}") = "LibCore", "Sources\LibCore\LibCore.vcxproj", "{C66A2F94-C3E1-404C-9EA5-8EAC5E540458}"
EndProject
Project("{8BC9CEB8-8B4A-11D0-8D11-00A0C91BC942}") = "MouCaCore", "Sources\MouCaCore\MouCaCore.vcxproj", "{369256D0-7E34-4E02-9639-193525C9F91B}"
	ProjectSection(ProjectDependencies) = postProject
		{9F43D522-831D-43F3-91BA-1388F7AC942A} = {9F43D522-831D-43F3-91BA-1388F7AC942A}
		{BD9C7043-9F58-468F-9CC8-65C17F3F39C2} = {BD9C7043-9F58-468F-9CC8-65C17F3F39C2}
		{C66A2F94-C3E1-404C-9EA5-8EAC5E540458} = {C66A2F94-C3E1-404C-9EA5-8EAC5E540458}
		{6727F9CE-0747-4BA7-87E4-C689FECF99EE} = {6727F9CE-0747-4BA7-87E4-C689FECF99EE}
	EndProjectSection
EndProject
Project("{8BC9CEB8-8B4A-11D0-8D11-00A0C91BC942}") = "MouCaGraphicEngine", "Sources\MouCaGraphicEngine\MouCaGraphicEngine.vcxproj", "{630E2F4F-657C-40B6-B7CA-B677C0E6D524}"
EndProject
Project("{8BC9CEB8-8B4A-11D0-8D11-00A0C91BC942}") = "MouCaGraphicsLibraryTests", "Sources\UnitTests\MouCaGraphicLibraryTests\MouCaGraphicLibraryTests.vcxproj", "{E40ECDD9-0B92-4054-8113-706AD85D9233}"
	ProjectSection(ProjectDependencies) = postProject
		{FD3A1C17-7B27-475D-9B05-A57558964AFF} = {FD3A1C17-7B27-475D-9B05-A57558964AFF}
		{9F43D522-831D-43F3-91BA-1388F7AC942A} = {9F43D522-831D-43F3-91BA-1388F7AC942A}
		{BD9C7043-9F58-468F-9CC8-65C17F3F39C2} = {BD9C7043-9F58-468F-9CC8-65C17F3F39C2}
		{30407649-5D95-461A-AE5C-5515E54A7376} = {30407649-5D95-461A-AE5C-5515E54A7376}
		{C66A2F94-C3E1-404C-9EA5-8EAC5E540458} = {C66A2F94-C3E1-404C-9EA5-8EAC5E540458}
		{5AFBD3A7-5B02-45BA-88D0-A3E6F3063F9F} = {5AFBD3A7-5B02-45BA-88D0-A3E6F3063F9F}
		{6727F9CE-0747-4BA7-87E4-C689FECF99EE} = {6727F9CE-0747-4BA7-87E4-C689FECF99EE}
		{A1DB90E2-C53F-4B8C-BC8A-19A9E40C5802} = {A1DB90E2-C53F-4B8C-BC8A-19A9E40C5802}
		{348395FD-0BD3-40F2-B292-BF41538A95B4} = {348395FD-0BD3-40F2-B292-BF41538A95B4}
	EndProjectSection
EndProject
Project("{8BC9CEB8-8B4A-11D0-8D11-00A0C91BC942}") = "MouCaCoreTests", "Sources\UnitTests\MouCaCoreTests\MouCaCoreTests.vcxproj", "{507145E3-0BE8-4325-9714-E70E1D639FE8}"
	ProjectSection(ProjectDependencies) = postProject
		{369256D0-7E34-4E02-9639-193525C9F91B} = {369256D0-7E34-4E02-9639-193525C9F91B}
	EndProjectSection
EndProject
Project("{8BC9CEB8-8B4A-11D0-8D11-00A0C91BC942}") = "MouCaPluginTest", "Sources\UnitTests\MouCaPluginTest\MouCaPluginTest.vcxproj", "{78C56DA0-F69B-4C26-8559-EDC90E065F02}"
EndProject
Global
	GlobalSection(SolutionConfigurationPlatforms) = preSolution
		Debug|x64 = Debug|x64
		Debug|x86 = Debug|x86
		Profile|x64 = Profile|x64
		Profile|x86 = Profile|x86
		Release|x64 = Release|x64
		Release|x86 = Release|x86
	EndGlobalSection
	GlobalSection(ProjectConfigurationPlatforms) = postSolution
		{BD9C7043-9F58-468F-9CC8-65C17F3F39C2}.Debug|x64.ActiveCfg = Debug|x64
		{BD9C7043-9F58-468F-9CC8-65C17F3F39C2}.Debug|x64.Build.0 = Debug|x64
		{BD9C7043-9F58-468F-9CC8-65C17F3F39C2}.Debug|x86.ActiveCfg = Debug|x64
		{BD9C7043-9F58-468F-9CC8-65C17F3F39C2}.Profile|x64.ActiveCfg = Profile|x64
		{BD9C7043-9F58-468F-9CC8-65C17F3F39C2}.Profile|x64.Build.0 = Profile|x64
		{BD9C7043-9F58-468F-9CC8-65C17F3F39C2}.Profile|x86.ActiveCfg = Profile|x64
		{BD9C7043-9F58-468F-9CC8-65C17F3F39C2}.Release|x64.ActiveCfg = Release|x64
		{BD9C7043-9F58-468F-9CC8-65C17F3F39C2}.Release|x64.Build.0 = Release|x64
		{BD9C7043-9F58-468F-9CC8-65C17F3F39C2}.Release|x86.ActiveCfg = Release|x64
		{9F43D522-831D-43F3-91BA-1388F7AC942A}.Debug|x64.ActiveCfg = Debug|x64
		{9F43D522-831D-43F3-91BA-1388F7AC942A}.Debug|x64.Build.0 = Debug|x64
		{9F43D522-831D-43F3-91BA-1388F7AC942A}.Debug|x86.ActiveCfg = Debug|x64
		{9F43D522-831D-43F3-91BA-1388F7AC942A}.Profile|x64.ActiveCfg = Profile|x64
		{9F43D522-831D-43F3-91BA-1388F7AC942A}.Profile|x64.Build.0 = Profile|x64
		{9F43D522-831D-43F3-91BA-1388F7AC942A}.Profile|x86.ActiveCfg = Profile|x64
		{9F43D522-831D-43F3-91BA-1388F7AC942A}.Release|x64.ActiveCfg = Release|x64
		{9F43D522-831D-43F3-91BA-1388F7AC942A}.Release|x64.Build.0 = Release|x64
		{9F43D522-831D-43F3-91BA-1388F7AC942A}.Release|x86.ActiveCfg = Release|x64
		{30407649-5D95-461A-AE5C-5515E54A7376}.Debug|x64.ActiveCfg = Debug|x64
		{30407649-5D95-461A-AE5C-5515E54A7376}.Debug|x64.Build.0 = Debug|x64
		{30407649-5D95-461A-AE5C-5515E54A7376}.Debug|x86.ActiveCfg = Debug|x64
		{30407649-5D95-461A-AE5C-5515E54A7376}.Profile|x64.ActiveCfg = Profile|x64
		{30407649-5D95-461A-AE5C-5515E54A7376}.Profile|x64.Build.0 = Profile|x64
		{30407649-5D95-461A-AE5C-5515E54A7376}.Profile|x86.ActiveCfg = Profile|x64
		{30407649-5D95-461A-AE5C-5515E54A7376}.Release|x64.ActiveCfg = Release|x64
		{30407649-5D95-461A-AE5C-5515E54A7376}.Release|x64.Build.0 = Release|x64
		{30407649-5D95-461A-AE5C-5515E54A7376}.Release|x86.ActiveCfg = Release|x64
		{348395FD-0BD3-40F2-B292-BF41538A95B4}.Debug|x64.ActiveCfg = Debug|x64
		{348395FD-0BD3-40F2-B292-BF41538A95B4}.Debug|x64.Build.0 = Debug|x64
		{348395FD-0BD3-40F2-B292-BF41538A95B4}.Debug|x86.ActiveCfg = Debug|x64
		{348395FD-0BD3-40F2-B292-BF41538A95B4}.Profile|x64.ActiveCfg = Profile|x64
		{348395FD-0BD3-40F2-B292-BF41538A95B4}.Profile|x64.Build.0 = Profile|x64
		{348395FD-0BD3-40F2-B292-BF41538A95B4}.Profile|x86.ActiveCfg = Profile|x64
		{348395FD-0BD3-40F2-B292-BF41538A95B4}.Release|x64.ActiveCfg = Release|x64
		{348395FD-0BD3-40F2-B292-BF41538A95B4}.Release|x64.Build.0 = Release|x64
		{348395FD-0BD3-40F2-B292-BF41538A95B4}.Release|x86.ActiveCfg = Release|x64
		{6727F9CE-0747-4BA7-87E4-C689FECF99EE}.Debug|x64.ActiveCfg = Debug|x64
		{6727F9CE-0747-4BA7-87E4-C689FECF99EE}.Debug|x64.Build.0 = Debug|x64
		{6727F9CE-0747-4BA7-87E4-C689FECF99EE}.Debug|x86.ActiveCfg = Debug|x64
		{6727F9CE-0747-4BA7-87E4-C689FECF99EE}.Profile|x64.ActiveCfg = Profile|x64
		{6727F9CE-0747-4BA7-87E4-C689FECF99EE}.Profile|x64.Build.0 = Profile|x64
		{6727F9CE-0747-4BA7-87E4-C689FECF99EE}.Profile|x86.ActiveCfg = Profile|x64
		{6727F9CE-0747-4BA7-87E4-C689FECF99EE}.Release|x64.ActiveCfg = Release|x64
		{6727F9CE-0747-4BA7-87E4-C689FECF99EE}.Release|x64.Build.0 = Release|x64
		{6727F9CE-0747-4BA7-87E4-C689FECF99EE}.Release|x86.ActiveCfg = Release|x64
		{5AFBD3A7-5B02-45BA-88D0-A3E6F3063F9F}.Debug|x64.ActiveCfg = Debug|x64
		{5AFBD3A7-5B02-45BA-88D0-A3E6F3063F9F}.Debug|x64.Build.0 = Debug|x64
		{5AFBD3A7-5B02-45BA-88D0-A3E6F3063F9F}.Debug|x86.ActiveCfg = Debug|x64
		{5AFBD3A7-5B02-45BA-88D0-A3E6F3063F9F}.Profile|x64.ActiveCfg = Profile|x64
		{5AFBD3A7-5B02-45BA-88D0-A3E6F3063F9F}.Profile|x64.Build.0 = Profile|x64
		{5AFBD3A7-5B02-45BA-88D0-A3E6F3063F9F}.Profile|x86.ActiveCfg = Profile|x64
		{5AFBD3A7-5B02-45BA-88D0-A3E6F3063F9F}.Release|x64.ActiveCfg = Release|x64
		{5AFBD3A7-5B02-45BA-88D0-A3E6F3063F9F}.Release|x64.Build.0 = Release|x64
		{5AFBD3A7-5B02-45BA-88D0-A3E6F3063F9F}.Release|x86.ActiveCfg = Release|x64
		{FD3A1C17-7B27-475D-9B05-A57558964AFF}.Debug|x64.ActiveCfg = Debug|x64
		{FD3A1C17-7B27-475D-9B05-A57558964AFF}.Debug|x64.Build.0 = Debug|x64
		{FD3A1C17-7B27-475D-9B05-A57558964AFF}.Debug|x86.ActiveCfg = Debug|x64
		{FD3A1C17-7B27-475D-9B05-A57558964AFF}.Profile|x64.ActiveCfg = Profile|x64
		{FD3A1C17-7B27-475D-9B05-A57558964AFF}.Profile|x64.Build.0 = Profile|x64
		{FD3A1C17-7B27-475D-9B05-A57558964AFF}.Profile|x86.ActiveCfg = Profile|x64
		{FD3A1C17-7B27-475D-9B05-A57558964AFF}.Release|x64.ActiveCfg = Release|x64
		{FD3A1C17-7B27-475D-9B05-A57558964AFF}.Release|x64.Build.0 = Release|x64
		{FD3A1C17-7B27-475D-9B05-A57558964AFF}.Release|x86.ActiveCfg = Release|x64
		{F8A941E5-4D66-43F5-96FB-354ECCBCFA5F}.Debug|x64.ActiveCfg = Debug|x64
		{F8A941E5-4D66-43F5-96FB-354ECCBCFA5F}.Debug|x64.Build.0 = Debug|x64
		{F8A941E5-4D66-43F5-96FB-354ECCBCFA5F}.Debug|x86.ActiveCfg = Debug|x64
		{F8A941E5-4D66-43F5-96FB-354ECCBCFA5F}.Profile|x64.ActiveCfg = Profile|x64
		{F8A941E5-4D66-43F5-96FB-354ECCBCFA5F}.Profile|x64.Build.0 = Profile|x64
		{F8A941E5-4D66-43F5-96FB-354ECCBCFA5F}.Profile|x86.ActiveCfg = Profile|x64
		{F8A941E5-4D66-43F5-96FB-354ECCBCFA5F}.Release|x64.ActiveCfg = Release|x64
		{F8A941E5-4D66-43F5-96FB-354ECCBCFA5F}.Release|x64.Build.0 = Release|x64
		{F8A941E5-4D66-43F5-96FB-354ECCBCFA5F}.Release|x86.ActiveCfg = Release|x64
		{C080CEFE-3543-4501-B339-08F3FCE5B506}.Debug|x64.ActiveCfg = Debug|x64
		{C080CEFE-3543-4501-B339-08F3FCE5B506}.Debug|x64.Build.0 = Debug|x64
		{C080CEFE-3543-4501-B339-08F3FCE5B506}.Debug|x86.ActiveCfg = Debug|x64
		{C080CEFE-3543-4501-B339-08F3FCE5B506}.Profile|x64.ActiveCfg = Profile|x64
		{C080CEFE-3543-4501-B339-08F3FCE5B506}.Profile|x64.Build.0 = Profile|x64
		{C080CEFE-3543-4501-B339-08F3FCE5B506}.Profile|x86.ActiveCfg = Profile|x64
		{C080CEFE-3543-4501-B339-08F3FCE5B506}.Release|x64.ActiveCfg = Release|x64
		{C080CEFE-3543-4501-B339-08F3FCE5B506}.Release|x64.Build.0 = Release|x64
		{C080CEFE-3543-4501-B339-08F3FCE5B506}.Release|x86.ActiveCfg = Release|x64
		{24195B1B-513A-4FA3-AD6D-D3F486212C33}.Debug|x64.ActiveCfg = Debug|x64
		{24195B1B-513A-4FA3-AD6D-D3F486212C33}.Debug|x64.Build.0 = Debug|x64
		{24195B1B-513A-4FA3-AD6D-D3F486212C33}.Debug|x86.ActiveCfg = Debug|x64
		{24195B1B-513A-4FA3-AD6D-D3F486212C33}.Profile|x64.ActiveCfg = Profile|x64
		{24195B1B-513A-4FA3-AD6D-D3F486212C33}.Profile|x64.Build.0 = Profile|x64
		{24195B1B-513A-4FA3-AD6D-D3F486212C33}.Profile|x86.ActiveCfg = Release|x64
		{24195B1B-513A-4FA3-AD6D-D3F486212C33}.Profile|x86.Build.0 = Release|x64
		{24195B1B-513A-4FA3-AD6D-D3F486212C33}.Release|x64.ActiveCfg = Release|x64
		{24195B1B-513A-4FA3-AD6D-D3F486212C33}.Release|x64.Build.0 = Release|x64
		{24195B1B-513A-4FA3-AD6D-D3F486212C33}.Release|x86.ActiveCfg = Release|x64
		{1948D924-7766-48C0-B7B6-A9AC0F407A5F}.Debug|x64.ActiveCfg = Debug|x64
		{1948D924-7766-48C0-B7B6-A9AC0F407A5F}.Debug|x64.Build.0 = Debug|x64
		{1948D924-7766-48C0-B7B6-A9AC0F407A5F}.Debug|x86.ActiveCfg = Debug|x64
		{1948D924-7766-48C0-B7B6-A9AC0F407A5F}.Profile|x64.ActiveCfg = Profile|x64
		{1948D924-7766-48C0-B7B6-A9AC0F407A5F}.Profile|x64.Build.0 = Profile|x64
		{1948D924-7766-48C0-B7B6-A9AC0F407A5F}.Profile|x86.ActiveCfg = Release|x64
		{1948D924-7766-48C0-B7B6-A9AC0F407A5F}.Profile|x86.Build.0 = Release|x64
		{1948D924-7766-48C0-B7B6-A9AC0F407A5F}.Release|x64.ActiveCfg = Release|x64
		{1948D924-7766-48C0-B7B6-A9AC0F407A5F}.Release|x64.Build.0 = Release|x64
		{1948D924-7766-48C0-B7B6-A9AC0F407A5F}.Release|x86.ActiveCfg = Release|x64
		{A1DB90E2-C53F-4B8C-BC8A-19A9E40C5802}.Debug|x64.ActiveCfg = Debug|x64
		{A1DB90E2-C53F-4B8C-BC8A-19A9E40C5802}.Debug|x64.Build.0 = Debug|x64
		{A1DB90E2-C53F-4B8C-BC8A-19A9E40C5802}.Debug|x86.ActiveCfg = Debug|x64
		{A1DB90E2-C53F-4B8C-BC8A-19A9E40C5802}.Profile|x64.ActiveCfg = Profile|x64
		{A1DB90E2-C53F-4B8C-BC8A-19A9E40C5802}.Profile|x64.Build.0 = Profile|x64
		{A1DB90E2-C53F-4B8C-BC8A-19A9E40C5802}.Profile|x86.ActiveCfg = Profile|x64
		{A1DB90E2-C53F-4B8C-BC8A-19A9E40C5802}.Release|x64.ActiveCfg = Release|x64
		{A1DB90E2-C53F-4B8C-BC8A-19A9E40C5802}.Release|x64.Build.0 = Release|x64
		{A1DB90E2-C53F-4B8C-BC8A-19A9E40C5802}.Release|x86.ActiveCfg = Release|x64
		{04AAFBCC-88E4-4E29-BF7B-314E27A991AC}.Debug|x64.ActiveCfg = Debug|x64
		{04AAFBCC-88E4-4E29-BF7B-314E27A991AC}.Debug|x64.Build.0 = Debug|x64
		{04AAFBCC-88E4-4E29-BF7B-314E27A991AC}.Debug|x86.ActiveCfg = Debug|x64
		{04AAFBCC-88E4-4E29-BF7B-314E27A991AC}.Profile|x64.ActiveCfg = Profile|x64
		{04AAFBCC-88E4-4E29-BF7B-314E27A991AC}.Profile|x64.Build.0 = Profile|x64
		{04AAFBCC-88E4-4E29-BF7B-314E27A991AC}.Profile|x86.ActiveCfg = Profile|x64
		{04AAFBCC-88E4-4E29-BF7B-314E27A991AC}.Release|x64.ActiveCfg = Release|x64
		{04AAFBCC-88E4-4E29-BF7B-314E27A991AC}.Release|x64.Build.0 = Release|x64
		{04AAFBCC-88E4-4E29-BF7B-314E27A991AC}.Release|x86.ActiveCfg = Release|x64
		{C66A2F94-C3E1-404C-9EA5-8EAC5E540458}.Debug|x64.ActiveCfg = Debug|x64
		{C66A2F94-C3E1-404C-9EA5-8EAC5E540458}.Debug|x64.Build.0 = Debug|x64
		{C66A2F94-C3E1-404C-9EA5-8EAC5E540458}.Debug|x86.ActiveCfg = Debug|x64
		{C66A2F94-C3E1-404C-9EA5-8EAC5E540458}.Profile|x64.ActiveCfg = Profile|x64
		{C66A2F94-C3E1-404C-9EA5-8EAC5E540458}.Profile|x64.Build.0 = Profile|x64
		{C66A2F94-C3E1-404C-9EA5-8EAC5E540458}.Profile|x86.ActiveCfg = Profile|x64
		{C66A2F94-C3E1-404C-9EA5-8EAC5E540458}.Release|x64.ActiveCfg = Release|x64
		{C66A2F94-C3E1-404C-9EA5-8EAC5E540458}.Release|x64.Build.0 = Release|x64
		{C66A2F94-C3E1-404C-9EA5-8EAC5E540458}.Release|x86.ActiveCfg = Release|x64
		{369256D0-7E34-4E02-9639-193525C9F91B}.Debug|x64.ActiveCfg = Debug|x64
		{369256D0-7E34-4E02-9639-193525C9F91B}.Debug|x64.Build.0 = Debug|x64
		{369256D0-7E34-4E02-9639-193525C9F91B}.Debug|x86.ActiveCfg = Debug|x64
		{369256D0-7E34-4E02-9639-193525C9F91B}.Profile|x64.ActiveCfg = Profile|x64
		{369256D0-7E34-4E02-9639-193525C9F91B}.Profile|x64.Build.0 = Profile|x64
		{369256D0-7E34-4E02-9639-193525C9F91B}.Profile|x86.ActiveCfg = Profile|x64
		{369256D0-7E34-4E02-9639-193525C9F91B}.Release|x64.ActiveCfg = Release|x64
		{369256D0-7E34-4E02-9639-193525C9F91B}.Release|x64.Build.0 = Release|x64
		{369256D0-7E34-4E02-9639-193525C9F91B}.Release|x86.ActiveCfg = Release|x64
		{630E2F4F-657C-40B6-B7CA-B677C0E6D524}.Debug|x64.ActiveCfg = Debug|x64
		{630E2F4F-657C-40B6-B7CA-B677C0E6D524}.Debug|x64.Build.0 = Debug|x64
		{630E2F4F-657C-40B6-B7CA-B677C0E6D524}.Debug|x86.ActiveCfg = Debug|x64
		{630E2F4F-657C-40B6-B7CA-B677C0E6D524}.Profile|x64.ActiveCfg = Profile|x64
		{630E2F4F-657C-40B6-B7CA-B677C0E6D524}.Profile|x64.Build.0 = Profile|x64
		{630E2F4F-657C-40B6-B7CA-B677C0E6D524}.Profile|x86.ActiveCfg = Profile|x64
		{630E2F4F-657C-40B6-B7CA-B677C0E6D524}.Release|x64.ActiveCfg = Release|x64
		{630E2F4F-657C-40B6-B7CA-B677C0E6D524}.Release|x64.Build.0 = Release|x64
		{630E2F4F-657C-40B6-B7CA-B677C0E6D524}.Release|x86.ActiveCfg = Release|x64
		{E40ECDD9-0B92-4054-8113-706AD85D9233}.Debug|x64.ActiveCfg = Debug|x64
		{E40ECDD9-0B92-4054-8113-706AD85D9233}.Debug|x64.Build.0 = Debug|x64
		{E40ECDD9-0B92-4054-8113-706AD85D9233}.Debug|x86.ActiveCfg = Debug|x64
		{E40ECDD9-0B92-4054-8113-706AD85D9233}.Profile|x64.ActiveCfg = Profile|x64
		{E40ECDD9-0B92-4054-8113-706AD85D9233}.Profile|x64.Build.0 = Profile|x64
		{E40ECDD9-0B92-4054-8113-706AD85D9233}.Profile|x86.ActiveCfg = Profile|x64
		{E40ECDD9-0B92-4054-8113-706AD85D9233}.Release|x64.ActiveCfg = Release|x64
		{E40ECDD9-0B92-4054-8113-706AD85D9233}.Release|x64.Build.0 = Release|x64
		{E40ECDD9-0B92-4054-8113-706AD85D9233}.Release|x86.ActiveCfg = Release|x64
		{507145E3-0BE8-4325-9714-E70E1D639FE8}.Debug|x64.ActiveCfg = Debug|x64
		{507145E3-0BE8-4325-9714-E70E1D639FE8}.Debug|x64.Build.0 = Debug|x64
		{507145E3-0BE8-4325-9714-E70E1D639FE8}.Debug|x86.ActiveCfg = Debug|x64
		{507145E3-0BE8-4325-9714-E70E1D639FE8}.Profile|x64.ActiveCfg = Profile|x64
		{507145E3-0BE8-4325-9714-E70E1D639FE8}.Profile|x64.Build.0 = Profile|x64
		{507145E3-0BE8-4325-9714-E70E1D639FE8}.Profile|x86.ActiveCfg = Profile|x64
		{507145E3-0BE8-4325-9714-E70E1D639FE8}.Release|x64.ActiveCfg = Release|x64
		{507145E3-0BE8-4325-9714-E70E1D639FE8}.Release|x64.Build.0 = Release|x64
		{507145E3-0BE8-4325-9714-E70E1D639FE8}.Release|x86.ActiveCfg = Release|x64
		{78C56DA0-F69B-4C26-8559-EDC90E065F02}.Debug|x64.ActiveCfg = Debug|x64
		{78C56DA0-F69B-4C26-8559-EDC90E065F02}.Debug|x64.Build.0 = Debug|x64
		{78C56DA0-F69B-4C26-8559-EDC90E065F02}.Debug|x86.ActiveCfg = Debug|x64
		{78C56DA0-F69B-4C26-8559-EDC90E065F02}.Profile|x64.ActiveCfg = Profile|x64
		{78C56DA0-F69B-4C26-8559-EDC90E065F02}.Profile|x64.Build.0 = Profile|x64
		{78C56DA0-F69B-4C26-8559-EDC90E065F02}.Profile|x86.ActiveCfg = Profile|x64
		{78C56DA0-F69B-4C26-8559-EDC90E065F02}.Release|x64.ActiveCfg = Release|x64
		{78C56DA0-F69B-4C26-8559-EDC90E065F02}.Release|x64.Build.0 = Release|x64
		{78C56DA0-F69B-4C26-8559-EDC90E065F02}.Release|x86.ActiveCfg = Release|x64
	EndGlobalSection
	GlobalSection(SolutionProperties) = preSolution
		HideSolutionNode = FALSE
	EndGlobalSection
	GlobalSection(NestedProjects) = preSolution
		{1F5CB6F6-305D-4852-9BC2-69C0814A344F} = {773B5199-4C83-4A10-AB52-4F80BF93D64F}
		{BD9C7043-9F58-468F-9CC8-65C17F3F39C2} = {9D6D76FC-E315-457A-991A-3C76878FF574}
		{B749CB24-0B5B-4AD9-B50A-01EECE63BC21} = {773B5199-4C83-4A10-AB52-4F80BF93D64F}
		{9F43D522-831D-43F3-91BA-1388F7AC942A} = {1F5CB6F6-305D-4852-9BC2-69C0814A344F}
		{30407649-5D95-461A-AE5C-5515E54A7376} = {2AB5E1F7-5F7A-4A00-9A9E-19789C8C6D71}
		{348395FD-0BD3-40F2-B292-BF41538A95B4} = {2AB5E1F7-5F7A-4A00-9A9E-19789C8C6D71}
		{6727F9CE-0747-4BA7-87E4-C689FECF99EE} = {9D6D76FC-E315-457A-991A-3C76878FF574}
		{5AFBD3A7-5B02-45BA-88D0-A3E6F3063F9F} = {2AB5E1F7-5F7A-4A00-9A9E-19789C8C6D71}
		{FD3A1C17-7B27-475D-9B05-A57558964AFF} = {2AB5E1F7-5F7A-4A00-9A9E-19789C8C6D71}
		{C080CEFE-3543-4501-B339-08F3FCE5B506} = {D5B3A8C4-8274-4F52-AD88-439933B58EE4}
		{24195B1B-513A-4FA3-AD6D-D3F486212C33} = {B749CB24-0B5B-4AD9-B50A-01EECE63BC21}
		{1948D924-7766-48C0-B7B6-A9AC0F407A5F} = {B749CB24-0B5B-4AD9-B50A-01EECE63BC21}
		{A1DB90E2-C53F-4B8C-BC8A-19A9E40C5802} = {2AB5E1F7-5F7A-4A00-9A9E-19789C8C6D71}
		{9D6D76FC-E315-457A-991A-3C76878FF574} = {773B5199-4C83-4A10-AB52-4F80BF93D64F}
		{2AB5E1F7-5F7A-4A00-9A9E-19789C8C6D71} = {773B5199-4C83-4A10-AB52-4F80BF93D64F}
		{04AAFBCC-88E4-4E29-BF7B-314E27A991AC} = {82290DA9-CCDA-4C25-8865-7E6AB6DE0CF0}
		{C66A2F94-C3E1-404C-9EA5-8EAC5E540458} = {1F5CB6F6-305D-4852-9BC2-69C0814A344F}
		{369256D0-7E34-4E02-9639-193525C9F91B} = {D8C9EAAD-9C2F-46AD-BD33-B8A9D8FEB6DF}
		{630E2F4F-657C-40B6-B7CA-B677C0E6D524} = {D8C9EAAD-9C2F-46AD-BD33-B8A9D8FEB6DF}
		{E40ECDD9-0B92-4054-8113-706AD85D9233} = {D5B3A8C4-8274-4F52-AD88-439933B58EE4}
		{507145E3-0BE8-4325-9714-E70E1D639FE8} = {D5B3A8C4-8274-4F52-AD88-439933B58EE4}
		{78C56DA0-F69B-4C26-8559-EDC90E065F02} = {D5B3A8C4-8274-4F52-AD88-439933B58EE4}
	EndGlobalSection
	GlobalSection(ExtensibilityGlobals) = postSolution
		SolutionGuid = {B7FD705A-DAA5-4E56-A4E6-9C4894B82924}
	EndGlobalSection
	GlobalSection(Performance) = preSolution
		HasPerformanceSessions = true
	EndGlobalSection
	GlobalSection(Performance) = preSolution
		HasPerformanceSessions = true
	EndGlobalSection
	GlobalSection(Performance) = preSolution
		HasPerformanceSessions = true
	EndGlobalSection
EndGlobal
