<?xml version="1.0" encoding="utf-8"?>
<Project ToolsVersion="4.0" xmlns="http://schemas.microsoft.com/developer/msbuild/2003">
  <ItemGroup>
    <ClCompile Include="source\GLFWWindow.cpp">
      <Filter>Fichiers sources</Filter>
    </ClCompile>
    <ClCompile Include="source\GLFWPlatform.cpp">
      <Filter>Fichiers sources</Filter>
    </ClCompile>
    <ClCompile Include="source\GLFWEventManager.cpp">
      <Filter>Fichiers sources</Filter>
    </ClCompile>
    <ClCompile Include="source\GLFWHardware.cpp">
      <Filter>Fichiers sources</Filter>
    </ClCompile>
    <ClCompile Include="source\GLFWVirtualMouse.cpp">
      <Filter>Fichiers sources</Filter>
    </ClCompile>
    <ClCompile Include="Dependencies.cpp" />
  </ItemGroup>
  <ItemGroup>
    <ClInclude Include="include\GLFWWindow.h">
      <Filter>Fichiers d%27en-tête</Filter>
    </ClInclude>
    <ClInclude Include="include\GLFWPlatform.h">
      <Filter>Fichiers d%27en-tête</Filter>
    </ClInclude>
    <ClInclude Include="include\GLFWEventManager.h">
      <Filter>Fichiers d%27en-tête</Filter>
    </ClInclude>
    <ClInclude Include="include\GLFWHardware.h">
      <Filter>Fichiers d%27en-tête</Filter>
    </ClInclude>
    <ClInclude Include="include\GLFWVirtualMouse.h">
      <Filter>Fichiers d%27en-tête</Filter>
    </ClInclude>
    <ClInclude Include="Dependencies.h" />
  </ItemGroup>
  <ItemGroup>
    <Filter Include="Fichiers d%27en-tête">
      <UniqueIdentifier>{804deda9-97c5-4191-804c-4025102fc857}</UniqueIdentifier>
      <Extensions>h;hh;hpp;hxx;hm;inl;inc;xsd</Extensions>
    </Filter>
    <Filter Include="Fichiers sources">
      <UniqueIdentifier>{22f1e573-4398-41f8-bbe7-9bb4b02f1424}</UniqueIdentifier>
      <Extensions>cpp;c;cc;cxx;def;odl;idl;hpj;bat;asm;asmx</Extensions>
    </Filter>
  </ItemGroup>
</Project>