<?xml version="1.0" encoding="utf-8"?>
<Project ToolsVersion="4.0" xmlns="http://schemas.microsoft.com/developer/msbuild/2003">
  <ItemGroup>
    <ClCompile Include="source\main.cpp">
      <Filter>Source Files</Filter>
    </ClCompile>
    <ClCompile Include="Dependancies.cpp">
      <Filter>Source Files</Filter>
    </ClCompile>
    <ClCompile Include="source\UT_VulkanBuffer.cpp">
      <Filter>Source Files\Vulkan</Filter>
    </ClCompile>
    <ClCompile Include="source\UT_VulkanCommandBuffer.cpp">
      <Filter>Source Files\Vulkan</Filter>
    </ClCompile>
    <ClCompile Include="source\UT_VulkanDevice.cpp">
      <Filter>Source Files\Vulkan</Filter>
    </ClCompile>
    <ClCompile Include="source\UT_VulkanEnvironment.cpp">
      <Filter>Source Files\Vulkan</Filter>
    </ClCompile>
    <ClCompile Include="source\UT_VulkanFramebuffer.cpp">
      <Filter>Source Files\Vulkan</Filter>
    </ClCompile>
    <ClCompile Include="source\UT_VulkanPipelineGraphic.cpp">
      <Filter>Source Files\Vulkan</Filter>
    </ClCompile>
    <ClCompile Include="source\UT_VulkanRenderPass.cpp">
      <Filter>Source Files\Vulkan</Filter>
    </ClCompile>
    <ClCompile Include="source\UT_VulkanSemaphore.cpp">
      <Filter>Source Files\Vulkan</Filter>
    </ClCompile>
    <ClCompile Include="source\UT_VulkanShaderProgram.cpp">
      <Filter>Source Files\Vulkan</Filter>
    </ClCompile>
    <ClCompile Include="source\UT_VulkanSurface.cpp">
      <Filter>Source Files\Vulkan</Filter>
    </ClCompile>
    <ClCompile Include="source\UT_VulkanSwapChain.cpp">
      <Filter>Source Files\Vulkan</Filter>
    </ClCompile>
    <ClCompile Include="source\UT_VulkanFence.cpp">
      <Filter>Source Files\Vulkan</Filter>
    </ClCompile>
    <ClCompile Include="source\UT_VulkanPipelineCache.cpp">
      <Filter>Source Files\Vulkan</Filter>
    </ClCompile>
    <ClCompile Include="source\VulkanTest.cpp">
      <Filter>Source Files\Vulkan</Filter>
    </ClCompile>
    <ClCompile Include="source\VulkanDefaultTest.cpp">
      <Filter>Source Files\Vulkan</Filter>
    </ClCompile>
    <ClCompile Include="source\UT_GLFWHardware.cpp">
      <Filter>Source Files\GLFW</Filter>
    </ClCompile>
    <ClCompile Include="source\UT_GLFWPlatform.cpp">
      <Filter>Source Files\GLFW</Filter>
    </ClCompile>
    <ClCompile Include="source\UT_GLFWWindow.cpp">
      <Filter>Source Files\GLFW</Filter>
    </ClCompile>
    <ClCompile Include="source\UT_GLFWVirtualMouse.cpp">
      <Filter>Source Files\GLFW</Filter>
    </ClCompile>
    <ClCompile Include="..\source\gMouCaTest.cpp">
      <Filter>Source Files\Testing</Filter>
    </ClCompile>
    <ClCompile Include="source\UT_GUIWidget.cpp">
      <Filter>Source Files\GUI</Filter>
    </ClCompile>
    <ClCompile Include="source\UT_VulkanImage.cpp">
      <Filter>Source Files\Vulkan</Filter>
    </ClCompile>
  </ItemGroup>
  <ItemGroup>
    <Filter Include="Header Files">
      <UniqueIdentifier>{6ae598ba-7490-403c-b41f-fe893ff36fa1}</UniqueIdentifier>
      <Extensions>h;hh;hpp;hxx;hm;inl;inc;xsd</Extensions>
    </Filter>
    <Filter Include="Source Files">
      <UniqueIdentifier>{f8bd1c0e-6064-4450-888e-9a2f4cc1fa90}</UniqueIdentifier>
      <Extensions>cpp;c;cc;cxx;def;odl;idl;hpj;bat;asm;asmx</Extensions>
    </Filter>
    <Filter Include="Source Files\Vulkan">
      <UniqueIdentifier>{c1729b07-ce05-4968-b0b2-bee9aae4d7ec}</UniqueIdentifier>
    </Filter>
    <Filter Include="Source Files\GUI">
      <UniqueIdentifier>{41f8eb9f-315c-4f92-87d5-b22234344e4f}</UniqueIdentifier>
    </Filter>
    <Filter Include="Header Files\Vulkan">
      <UniqueIdentifier>{332a33ad-4b63-4a45-893e-c17428d169ee}</UniqueIdentifier>
    </Filter>
    <Filter Include="Source Files\GLFW">
      <UniqueIdentifier>{18780e13-79f8-4534-892b-05b9165a8f68}</UniqueIdentifier>
    </Filter>
    <Filter Include="Source Files\Testing">
      <UniqueIdentifier>{3dbd6c1f-b80b-416d-a444-1925ee89900f}</UniqueIdentifier>
    </Filter>
    <Filter Include="Header Files\Testing">
      <UniqueIdentifier>{d3489051-1ddc-46f5-80ae-72abfd7c0885}</UniqueIdentifier>
    </Filter>
    <Filter Include="GLSL">
      <UniqueIdentifier>{516faadc-56cb-4357-96a2-6c3fc9b5341d}</UniqueIdentifier>
    </Filter>
  </ItemGroup>
  <ItemGroup>
    <ClInclude Include="Dependancies.h">
      <Filter>Header Files</Filter>
    </ClInclude>
    <ClInclude Include="include\VulkanTest.h">
      <Filter>Header Files\Vulkan</Filter>
    </ClInclude>
    <ClInclude Include="include\VulkanDefaultTest.h">
      <Filter>Header Files\Vulkan</Filter>
    </ClInclude>
    <ClInclude Include="include\EventManagerEmpty.h">
      <Filter>Header Files\Testing</Filter>
    </ClInclude>
    <ClInclude Include="..\include\gMouCaTest.h">
      <Filter>Header Files\Testing</Filter>
    </ClInclude>
  </ItemGroup>
  <ItemGroup>
    <CustomBuild Include="..\..\..\UnitTests\GLSL\PipelineCompleteStage.frag" />
    <CustomBuild Include="..\..\..\UnitTests\GLSL\PipelineCompleteStage.vert" />
  </ItemGroup>
</Project>